// !$*UTF8*$!
{
	archiveVersion = 1;
	classes = {
	};
	objectVersion = 55;
	objects = {

/* Begin PBXBuildFile section */
		0F471EA0279E1FB900B9E8CE /* TabBar.swift in Sources */ = {isa = PBXBuildFile; fileRef = 0F471E9F279E1FB900B9E8CE /* TabBar.swift */; };
		0FC1B896277E447500B9CF7E /* Celebration_LightApp.swift in Sources */ = {isa = PBXBuildFile; fileRef = 0FC1B895277E447500B9CF7E /* Celebration_LightApp.swift */; };
		0FC1B898277E447500B9CF7E /* ContentView.swift in Sources */ = {isa = PBXBuildFile; fileRef = 0FC1B897277E447500B9CF7E /* ContentView.swift */; };
		0FC1B89A277E447700B9CF7E /* Assets.xcassets in Resources */ = {isa = PBXBuildFile; fileRef = 0FC1B899277E447700B9CF7E /* Assets.xcassets */; };
		0FC1B89D277E447700B9CF7E /* Preview Assets.xcassets in Resources */ = {isa = PBXBuildFile; fileRef = 0FC1B89C277E447700B9CF7E /* Preview Assets.xcassets */; };
		0FCEBF9C277F9A1F007D39D4 /* SerializedData.swift in Sources */ = {isa = PBXBuildFile; fileRef = 0FCEBF9B277F9A1F007D39D4 /* SerializedData.swift */; };
		0FCEBF9E277FA5B7007D39D4 /* API Call.swift in Sources */ = {isa = PBXBuildFile; fileRef = 0FCEBF9D277FA5B7007D39D4 /* API Call.swift */; };
		0FCEBFA22781207E007D39D4 /* CoreBluetooth.swift in Sources */ = {isa = PBXBuildFile; fileRef = 0FCEBFA12781207E007D39D4 /* CoreBluetooth.swift */; };
		0FCEBFA8278FAF40007D39D4 /* MainView.swift in Sources */ = {isa = PBXBuildFile; fileRef = 0FCEBFA7278FAF40007D39D4 /* MainView.swift */; };
		0FCEBFAA2790F7C0007D39D4 /* App Storyboard.storyboard in Resources */ = {isa = PBXBuildFile; fileRef = 0FCEBFA92790F7C0007D39D4 /* App Storyboard.storyboard */; };
		0FCEBFAD2792660C007D39D4 /* TeamController.swift in Sources */ = {isa = PBXBuildFile; fileRef = 0FCEBFAC2792660C007D39D4 /* TeamController.swift */; };
		0FCEBFAF2792662B007D39D4 /* SoundController.swift in Sources */ = {isa = PBXBuildFile; fileRef = 0FCEBFAE2792662B007D39D4 /* SoundController.swift */; };
		0FCEBFB127926647007D39D4 /* SettingsController.swift in Sources */ = {isa = PBXBuildFile; fileRef = 0FCEBFB027926647007D39D4 /* SettingsController.swift */; };
/* End PBXBuildFile section */

/* Begin PBXFileReference section */
		0F471E9F279E1FB900B9E8CE /* TabBar.swift */ = {isa = PBXFileReference; lastKnownFileType = sourcecode.swift; path = TabBar.swift; sourceTree = "<group>"; };
		0FC1B892277E447500B9CF7E /* Celebration Light.app */ = {isa = PBXFileReference; explicitFileType = wrapper.application; includeInIndex = 0; path = "Celebration Light.app"; sourceTree = BUILT_PRODUCTS_DIR; };
		0FC1B895277E447500B9CF7E /* Celebration_LightApp.swift */ = {isa = PBXFileReference; lastKnownFileType = sourcecode.swift; path = Celebration_LightApp.swift; sourceTree = "<group>"; };
		0FC1B897277E447500B9CF7E /* ContentView.swift */ = {isa = PBXFileReference; lastKnownFileType = sourcecode.swift; path = ContentView.swift; sourceTree = "<group>"; };
		0FC1B899277E447700B9CF7E /* Assets.xcassets */ = {isa = PBXFileReference; lastKnownFileType = folder.assetcatalog; path = Assets.xcassets; sourceTree = "<group>"; };
		0FC1B89C277E447700B9CF7E /* Preview Assets.xcassets */ = {isa = PBXFileReference; lastKnownFileType = folder.assetcatalog; path = "Preview Assets.xcassets"; sourceTree = "<group>"; };
		0FCEBF9B277F9A1F007D39D4 /* SerializedData.swift */ = {isa = PBXFileReference; lastKnownFileType = sourcecode.swift; path = SerializedData.swift; sourceTree = "<group>"; };
		0FCEBF9D277FA5B7007D39D4 /* API Call.swift */ = {isa = PBXFileReference; lastKnownFileType = sourcecode.swift; path = "API Call.swift"; sourceTree = "<group>"; };
		0FCEBFA12781207E007D39D4 /* CoreBluetooth.swift */ = {isa = PBXFileReference; lastKnownFileType = sourcecode.swift; path = CoreBluetooth.swift; sourceTree = "<group>"; };
		0FCEBFA7278FAF40007D39D4 /* MainView.swift */ = {isa = PBXFileReference; lastKnownFileType = sourcecode.swift; path = MainView.swift; sourceTree = "<group>"; };
		0FCEBFA92790F7C0007D39D4 /* App Storyboard.storyboard */ = {isa = PBXFileReference; lastKnownFileType = file.storyboard; path = "App Storyboard.storyboard"; sourceTree = "<group>"; };
		0FCEBFAC2792660C007D39D4 /* TeamController.swift */ = {isa = PBXFileReference; lastKnownFileType = sourcecode.swift; path = TeamController.swift; sourceTree = "<group>"; };
		0FCEBFAE2792662B007D39D4 /* SoundController.swift */ = {isa = PBXFileReference; lastKnownFileType = sourcecode.swift; path = SoundController.swift; sourceTree = "<group>"; };
		0FCEBFB027926647007D39D4 /* SettingsController.swift */ = {isa = PBXFileReference; lastKnownFileType = sourcecode.swift; path = SettingsController.swift; sourceTree = "<group>"; };
/* End PBXFileReference section */

/* Begin PBXFrameworksBuildPhase section */
		0FC1B88F277E447500B9CF7E /* Frameworks */ = {
			isa = PBXFrameworksBuildPhase;
			buildActionMask = 2147483647;
			files = (
			);
			runOnlyForDeploymentPostprocessing = 0;
		};
/* End PBXFrameworksBuildPhase section */

/* Begin PBXGroup section */
		0FC1B889277E447500B9CF7E = {
			isa = PBXGroup;
			children = (
				0FC1B894277E447500B9CF7E /* Celebration Light */,
				0FC1B893277E447500B9CF7E /* Products */,
			);
			sourceTree = "<group>";
		};
		0FC1B893277E447500B9CF7E /* Products */ = {
			isa = PBXGroup;
			children = (
				0FC1B892277E447500B9CF7E /* Celebration Light.app */,
			);
			name = Products;
			sourceTree = "<group>";
		};
		0FC1B894277E447500B9CF7E /* Celebration Light */ = {
			isa = PBXGroup;
			children = (
				0FC1B895277E447500B9CF7E /* Celebration_LightApp.swift */,
				0FCEBFAB27926235007D39D4 /* Navigation Views */,
				0FCEBFA7278FAF40007D39D4 /* MainView.swift */,
				0FCEBF9B277F9A1F007D39D4 /* SerializedData.swift */,
				0FCEBF9D277FA5B7007D39D4 /* API Call.swift */,
				0FCEBFA12781207E007D39D4 /* CoreBluetooth.swift */,
				0FCEBFA92790F7C0007D39D4 /* App Storyboard.storyboard */,
				0FC1B899277E447700B9CF7E /* Assets.xcassets */,
				0FC1B89B277E447700B9CF7E /* Preview Content */,
			);
			path = "Celebration Light";
			sourceTree = "<group>";
		};
		0FC1B89B277E447700B9CF7E /* Preview Content */ = {
			isa = PBXGroup;
			children = (
				0FC1B89C277E447700B9CF7E /* Preview Assets.xcassets */,
			);
			path = "Preview Content";
			sourceTree = "<group>";
		};
		0FCEBFAB27926235007D39D4 /* Navigation Views */ = {
			isa = PBXGroup;
			children = (
				0FC1B897277E447500B9CF7E /* ContentView.swift */,
				0F471E9F279E1FB900B9E8CE /* TabBar.swift */,
				0FCEBFAC2792660C007D39D4 /* TeamController.swift */,
				0FCEBFAE2792662B007D39D4 /* SoundController.swift */,
				0FCEBFB027926647007D39D4 /* SettingsController.swift */,
			);
			path = "Navigation Views";
			sourceTree = "<group>";
		};
/* End PBXGroup section */

/* Begin PBXNativeTarget section */
		0FC1B891277E447500B9CF7E /* Celebration Light */ = {
			isa = PBXNativeTarget;
			buildConfigurationList = 0FC1B8A0277E447700B9CF7E /* Build configuration list for PBXNativeTarget "Celebration Light" */;
			buildPhases = (
				0FC1B88E277E447500B9CF7E /* Sources */,
				0FC1B88F277E447500B9CF7E /* Frameworks */,
				0FC1B890277E447500B9CF7E /* Resources */,
			);
			buildRules = (
			);
			dependencies = (
			);
			name = "Celebration Light";
			productName = "Celebration Light";
			productReference = 0FC1B892277E447500B9CF7E /* Celebration Light.app */;
			productType = "com.apple.product-type.application";
		};
/* End PBXNativeTarget section */

/* Begin PBXProject section */
		0FC1B88A277E447500B9CF7E /* Project object */ = {
			isa = PBXProject;
			attributes = {
				BuildIndependentTargetsInParallel = 1;
				LastSwiftUpdateCheck = 1320;
				LastUpgradeCheck = 1320;
				TargetAttributes = {
					0FC1B891277E447500B9CF7E = {
						CreatedOnToolsVersion = 13.2.1;
					};
				};
			};
			buildConfigurationList = 0FC1B88D277E447500B9CF7E /* Build configuration list for PBXProject "Celebration Light" */;
			compatibilityVersion = "Xcode 13.0";
			developmentRegion = en;
			hasScannedForEncodings = 0;
			knownRegions = (
				en,
				Base,
			);
			mainGroup = 0FC1B889277E447500B9CF7E;
			productRefGroup = 0FC1B893277E447500B9CF7E /* Products */;
			projectDirPath = "";
			projectRoot = "";
			targets = (
				0FC1B891277E447500B9CF7E /* Celebration Light */,
			);
		};
/* End PBXProject section */

/* Begin PBXResourcesBuildPhase section */
		0FC1B890277E447500B9CF7E /* Resources */ = {
			isa = PBXResourcesBuildPhase;
			buildActionMask = 2147483647;
			files = (
				0FCEBFAA2790F7C0007D39D4 /* App Storyboard.storyboard in Resources */,
				0FC1B89D277E447700B9CF7E /* Preview Assets.xcassets in Resources */,
				0FC1B89A277E447700B9CF7E /* Assets.xcassets in Resources */,
			);
			runOnlyForDeploymentPostprocessing = 0;
		};
/* End PBXResourcesBuildPhase section */

/* Begin PBXSourcesBuildPhase section */
		0FC1B88E277E447500B9CF7E /* Sources */ = {
			isa = PBXSourcesBuildPhase;
			buildActionMask = 2147483647;
			files = (
				0FCEBFB127926647007D39D4 /* SettingsController.swift in Sources */,
				0FC1B898277E447500B9CF7E /* ContentView.swift in Sources */,
				0FCEBFA8278FAF40007D39D4 /* MainView.swift in Sources */,
				0FC1B896277E447500B9CF7E /* Celebration_LightApp.swift in Sources */,
				0FCEBFA22781207E007D39D4 /* CoreBluetooth.swift in Sources */,
				0FCEBFAD2792660C007D39D4 /* TeamController.swift in Sources */,
				0FCEBFAF2792662B007D39D4 /* SoundController.swift in Sources */,
				0FCEBF9C277F9A1F007D39D4 /* SerializedData.swift in Sources */,
				0FCEBF9E277FA5B7007D39D4 /* API Call.swift in Sources */,
				0F471EA0279E1FB900B9E8CE /* TabBar.swift in Sources */,
			);
			runOnlyForDeploymentPostprocessing = 0;
		};
/* End PBXSourcesBuildPhase section */

/* Begin XCBuildConfiguration section */
		0FC1B89E277E447700B9CF7E /* Debug */ = {
			isa = XCBuildConfiguration;
			buildSettings = {
				ALWAYS_SEARCH_USER_PATHS = NO;
				CLANG_ANALYZER_NONNULL = YES;
				CLANG_ANALYZER_NUMBER_OBJECT_CONVERSION = YES_AGGRESSIVE;
				CLANG_CXX_LANGUAGE_STANDARD = "gnu++17";
				CLANG_CXX_LIBRARY = "libc++";
				CLANG_ENABLE_MODULES = YES;
				CLANG_ENABLE_OBJC_ARC = YES;
				CLANG_ENABLE_OBJC_WEAK = YES;
				CLANG_WARN_BLOCK_CAPTURE_AUTORELEASING = YES;
				CLANG_WARN_BOOL_CONVERSION = YES;
				CLANG_WARN_COMMA = YES;
				CLANG_WARN_CONSTANT_CONVERSION = YES;
				CLANG_WARN_DEPRECATED_OBJC_IMPLEMENTATIONS = YES;
				CLANG_WARN_DIRECT_OBJC_ISA_USAGE = YES_ERROR;
				CLANG_WARN_DOCUMENTATION_COMMENTS = YES;
				CLANG_WARN_EMPTY_BODY = YES;
				CLANG_WARN_ENUM_CONVERSION = YES;
				CLANG_WARN_INFINITE_RECURSION = YES;
				CLANG_WARN_INT_CONVERSION = YES;
				CLANG_WARN_NON_LITERAL_NULL_CONVERSION = YES;
				CLANG_WARN_OBJC_IMPLICIT_RETAIN_SELF = YES;
				CLANG_WARN_OBJC_LITERAL_CONVERSION = YES;
				CLANG_WARN_OBJC_ROOT_CLASS = YES_ERROR;
				CLANG_WARN_QUOTED_INCLUDE_IN_FRAMEWORK_HEADER = YES;
				CLANG_WARN_RANGE_LOOP_ANALYSIS = YES;
				CLANG_WARN_STRICT_PROTOTYPES = YES;
				CLANG_WARN_SUSPICIOUS_MOVE = YES;
				CLANG_WARN_UNGUARDED_AVAILABILITY = YES_AGGRESSIVE;
				CLANG_WARN_UNREACHABLE_CODE = YES;
				CLANG_WARN__DUPLICATE_METHOD_MATCH = YES;
				COPY_PHASE_STRIP = NO;
				DEBUG_INFORMATION_FORMAT = dwarf;
				ENABLE_STRICT_OBJC_MSGSEND = YES;
				ENABLE_TESTABILITY = YES;
				GCC_C_LANGUAGE_STANDARD = gnu11;
				GCC_DYNAMIC_NO_PIC = NO;
				GCC_NO_COMMON_BLOCKS = YES;
				GCC_OPTIMIZATION_LEVEL = 0;
				GCC_PREPROCESSOR_DEFINITIONS = (
					"DEBUG=1",
					"$(inherited)",
				);
				GCC_WARN_64_TO_32_BIT_CONVERSION = YES;
				GCC_WARN_ABOUT_RETURN_TYPE = YES_ERROR;
				GCC_WARN_UNDECLARED_SELECTOR = YES;
				GCC_WARN_UNINITIALIZED_AUTOS = YES_AGGRESSIVE;
				GCC_WARN_UNUSED_FUNCTION = YES;
				GCC_WARN_UNUSED_VARIABLE = YES;
				IPHONEOS_DEPLOYMENT_TARGET = 15.2;
				MTL_ENABLE_DEBUG_INFO = INCLUDE_SOURCE;
				MTL_FAST_MATH = YES;
				ONLY_ACTIVE_ARCH = YES;
				SDKROOT = iphoneos;
				SWIFT_ACTIVE_COMPILATION_CONDITIONS = DEBUG;
				SWIFT_OPTIMIZATION_LEVEL = "-Onone";
			};
			name = Debug;
		};
		0FC1B89F277E447700B9CF7E /* Release */ = {
			isa = XCBuildConfiguration;
			buildSettings = {
				ALWAYS_SEARCH_USER_PATHS = NO;
				CLANG_ANALYZER_NONNULL = YES;
				CLANG_ANALYZER_NUMBER_OBJECT_CONVERSION = YES_AGGRESSIVE;
				CLANG_CXX_LANGUAGE_STANDARD = "gnu++17";
				CLANG_CXX_LIBRARY = "libc++";
				CLANG_ENABLE_MODULES = YES;
				CLANG_ENABLE_OBJC_ARC = YES;
				CLANG_ENABLE_OBJC_WEAK = YES;
				CLANG_WARN_BLOCK_CAPTURE_AUTORELEASING = YES;
				CLANG_WARN_BOOL_CONVERSION = YES;
				CLANG_WARN_COMMA = YES;
				CLANG_WARN_CONSTANT_CONVERSION = YES;
				CLANG_WARN_DEPRECATED_OBJC_IMPLEMENTATIONS = YES;
				CLANG_WARN_DIRECT_OBJC_ISA_USAGE = YES_ERROR;
				CLANG_WARN_DOCUMENTATION_COMMENTS = YES;
				CLANG_WARN_EMPTY_BODY = YES;
				CLANG_WARN_ENUM_CONVERSION = YES;
				CLANG_WARN_INFINITE_RECURSION = YES;
				CLANG_WARN_INT_CONVERSION = YES;
				CLANG_WARN_NON_LITERAL_NULL_CONVERSION = YES;
				CLANG_WARN_OBJC_IMPLICIT_RETAIN_SELF = YES;
				CLANG_WARN_OBJC_LITERAL_CONVERSION = YES;
				CLANG_WARN_OBJC_ROOT_CLASS = YES_ERROR;
				CLANG_WARN_QUOTED_INCLUDE_IN_FRAMEWORK_HEADER = YES;
				CLANG_WARN_RANGE_LOOP_ANALYSIS = YES;
				CLANG_WARN_STRICT_PROTOTYPES = YES;
				CLANG_WARN_SUSPICIOUS_MOVE = YES;
				CLANG_WARN_UNGUARDED_AVAILABILITY = YES_AGGRESSIVE;
				CLANG_WARN_UNREACHABLE_CODE = YES;
				CLANG_WARN__DUPLICATE_METHOD_MATCH = YES;
				COPY_PHASE_STRIP = NO;
				DEBUG_INFORMATION_FORMAT = "dwarf-with-dsym";
				ENABLE_NS_ASSERTIONS = NO;
				ENABLE_STRICT_OBJC_MSGSEND = YES;
				GCC_C_LANGUAGE_STANDARD = gnu11;
				GCC_NO_COMMON_BLOCKS = YES;
				GCC_WARN_64_TO_32_BIT_CONVERSION = YES;
				GCC_WARN_ABOUT_RETURN_TYPE = YES_ERROR;
				GCC_WARN_UNDECLARED_SELECTOR = YES;
				GCC_WARN_UNINITIALIZED_AUTOS = YES_AGGRESSIVE;
				GCC_WARN_UNUSED_FUNCTION = YES;
				GCC_WARN_UNUSED_VARIABLE = YES;
				IPHONEOS_DEPLOYMENT_TARGET = 15.2;
				MTL_ENABLE_DEBUG_INFO = NO;
				MTL_FAST_MATH = YES;
				SDKROOT = iphoneos;
				SWIFT_COMPILATION_MODE = wholemodule;
				SWIFT_OPTIMIZATION_LEVEL = "-O";
				VALIDATE_PRODUCT = YES;
			};
			name = Release;
		};
		0FC1B8A1277E447700B9CF7E /* Debug */ = {
			isa = XCBuildConfiguration;
			buildSettings = {
				ASSETCATALOG_COMPILER_APPICON_NAME = AppIcon;
				ASSETCATALOG_COMPILER_GLOBAL_ACCENT_COLOR_NAME = AccentColor;
				CODE_SIGN_STYLE = Automatic;
				CURRENT_PROJECT_VERSION = 1;
				DEVELOPMENT_ASSET_PATHS = "\"Celebration Light/Preview Content\"";
				DEVELOPMENT_TEAM = A8KQJLTSKQ;
				ENABLE_PREVIEWS = YES;
				GENERATE_INFOPLIST_FILE = YES;
				INFOPLIST_KEY_UIApplicationSceneManifest_Generation = YES;
				INFOPLIST_KEY_UIApplicationSupportsIndirectInputEvents = YES;
				INFOPLIST_KEY_UILaunchScreen_Generation = YES;
				INFOPLIST_KEY_UISupportedInterfaceOrientations_iPad = "UIInterfaceOrientationPortrait UIInterfaceOrientationPortraitUpsideDown UIInterfaceOrientationLandscapeLeft UIInterfaceOrientationLandscapeRight";
				INFOPLIST_KEY_UISupportedInterfaceOrientations_iPhone = "UIInterfaceOrientationPortrait UIInterfaceOrientationLandscapeLeft UIInterfaceOrientationLandscapeRight";
				LD_RUNPATH_SEARCH_PATHS = (
					"$(inherited)",
					"@executable_path/Frameworks",
				);
				MARKETING_VERSION = 1.0;
				PRODUCT_BUNDLE_IDENTIFIER = "Celebration-Light.Celebration-Light";
				PRODUCT_NAME = "$(TARGET_NAME)";
				SWIFT_EMIT_LOC_STRINGS = YES;
				SWIFT_VERSION = 5.0;
				TARGETED_DEVICE_FAMILY = "1,2";
			};
			name = Debug;
		};
		0FC1B8A2277E447700B9CF7E /* Release */ = {
			isa = XCBuildConfiguration;
			buildSettings = {
				ASSETCATALOG_COMPILER_APPICON_NAME = AppIcon;
				ASSETCATALOG_COMPILER_GLOBAL_ACCENT_COLOR_NAME = AccentColor;
				CODE_SIGN_STYLE = Automatic;
				CURRENT_PROJECT_VERSION = 1;
				DEVELOPMENT_ASSET_PATHS = "\"Celebration Light/Preview Content\"";
				DEVELOPMENT_TEAM = A8KQJLTSKQ;
				ENABLE_PREVIEWS = YES;
				GENERATE_INFOPLIST_FILE = YES;
				INFOPLIST_KEY_UIApplicationSceneManifest_Generation = YES;
				INFOPLIST_KEY_UIApplicationSupportsIndirectInputEvents = YES;
				INFOPLIST_KEY_UILaunchScreen_Generation = YES;
				INFOPLIST_KEY_UISupportedInterfaceOrientations_iPad = "UIInterfaceOrientationPortrait UIInterfaceOrientationPortraitUpsideDown UIInterfaceOrientationLandscapeLeft UIInterfaceOrientationLandscapeRight";
				INFOPLIST_KEY_UISupportedInterfaceOrientations_iPhone = "UIInterfaceOrientationPortrait UIInterfaceOrientationLandscapeLeft UIInterfaceOrientationLandscapeRight";
				LD_RUNPATH_SEARCH_PATHS = (
					"$(inherited)",
					"@executable_path/Frameworks",
				);
				MARKETING_VERSION = 1.0;
				PRODUCT_BUNDLE_IDENTIFIER = "Celebration-Light.Celebration-Light";
				PRODUCT_NAME = "$(TARGET_NAME)";
				SWIFT_EMIT_LOC_STRINGS = YES;
				SWIFT_VERSION = 5.0;
				TARGETED_DEVICE_FAMILY = "1,2";
			};
			name = Release;
		};
/* End XCBuildConfiguration section */

/* Begin XCConfigurationList section */
		0FC1B88D277E447500B9CF7E /* Build configuration list for PBXProject "Celebration Light" */ = {
			isa = XCConfigurationList;
			buildConfigurations = (
				0FC1B89E277E447700B9CF7E /* Debug */,
				0FC1B89F277E447700B9CF7E /* Release */,
			);
			defaultConfigurationIsVisible = 0;
			defaultConfigurationName = Release;
		};
		0FC1B8A0277E447700B9CF7E /* Build configuration list for PBXNativeTarget "Celebration Light" */ = {
			isa = XCConfigurationList;
			buildConfigurations = (
				0FC1B8A1277E447700B9CF7E /* Debug */,
				0FC1B8A2277E447700B9CF7E /* Release */,
			);
			defaultConfigurationIsVisible = 0;
			defaultConfigurationName = Release;
		};
/* End XCConfigurationList section */
	};
	rootObject = 0FC1B88A277E447500B9CF7E /* Project object */;
}
